{
  "name": "BUndestagswahl",
  "lockfileVersion": 2,
  "requires": true,
  "packages": {
    "": {
      "devDependencies": {
        "@types/d3-brush": "^3.0.1",
        "@types/d3-scale": "^4.0.1",
        "@types/d3-selection": "^3.0.1"
      }
    },
    "node_modules/@types/d3-brush": {
      "version": "3.0.1",
      "resolved": "https://registry.npmjs.org/@types/d3-brush/-/d3-brush-3.0.1.tgz",
      "integrity": "sha512-B532DozsiTuQMHu2YChdZU0qsFJSio3Q6jmBYGYNp3gMDzBmuFFgPt9qKA4VYuLZMp4qc6eX7IUFUEsvHiXZAw==",
      "dev": true,
      "dependencies": {
        "@types/d3-selection": "*"
      }
    },
    "node_modules/@types/d3-scale": {
      "version": "4.0.1",
      "resolved": "https://registry.npmjs.org/@types/d3-scale/-/d3-scale-4.0.1.tgz",
      "integrity": "sha512-GDuXcRcR6mKcpUVMhPNttpOzHi2dP6YcDqLZYSZHgwTZ+sfCa8e9q0VEBwZomblAPNMYpVqxojnSyIEb4s/Pwg==",
      "dev": true,
      "dependencies": {
        "@types/d3-time": "*"
      }
    },
    "node_modules/@types/d3-selection": {
      "version": "3.0.1",
      "resolved": "https://registry.npmjs.org/@types/d3-selection/-/d3-selection-3.0.1.tgz",
      "integrity": "sha512-aJ1d1SCUtERHH65bB8NNoLpUOI3z8kVcfg2BGm4rMMUwuZF4x6qnIEKjT60Vt0o7gP/a/xkRVs4D9CpDifbyRA==",
      "dev": true
    },
    "node_modules/@types/d3-time": {
      "version": "3.0.0",
      "resolved": "https://registry.npmjs.org/@types/d3-time/-/d3-time-3.0.0.tgz",
      "integrity": "sha512-sZLCdHvBUcNby1cB6Fd3ZBrABbjz3v1Vm90nysCQ6Vt7vd6e/h9Lt7SiJUoEX0l4Dzc7P5llKyhqSi1ycSf1Hg==",
      "dev": true
    }
  },
  "dependencies": {
    "@types/d3-brush": {
      "version": "3.0.1",
      "resolved": "https://registry.npmjs.org/@types/d3-brush/-/d3-brush-3.0.1.tgz",
      "integrity": "sha512-B532DozsiTuQMHu2YChdZU0qsFJSio3Q6jmBYGYNp3gMDzBmuFFgPt9qKA4VYuLZMp4qc6eX7IUFUEsvHiXZAw==",
      "dev": true,
      "requires": {
        "@types/d3-selection": "*"
      }
    },
    "@types/d3-scale": {
      "version": "4.0.1",
      "resolved": "https://registry.npmjs.org/@types/d3-scale/-/d3-scale-4.0.1.tgz",
      "integrity": "sha512-GDuXcRcR6mKcpUVMhPNttpOzHi2dP6YcDqLZYSZHgwTZ+sfCa8e9q0VEBwZomblAPNMYpVqxojnSyIEb4s/Pwg==",
      "dev": true,
      "requires": {
        "@types/d3-time": "*"
      }
    },
    "@types/d3-selection": {
      "version": "3.0.1",
      "resolved": "https://registry.npmjs.org/@types/d3-selection/-/d3-selection-3.0.1.tgz",
      "integrity": "sha512-aJ1d1SCUtERHH65bB8NNoLpUOI3z8kVcfg2BGm4rMMUwuZF4x6qnIEKjT60Vt0o7gP/a/xkRVs4D9CpDifbyRA==",
      "dev": true
    },
    "@types/d3-time": {
      "version": "3.0.0",
      "resolved": "https://registry.npmjs.org/@types/d3-time/-/d3-time-3.0.0.tgz",
      "integrity": "sha512-sZLCdHvBUcNby1cB6Fd3ZBrABbjz3v1Vm90nysCQ6Vt7vd6e/h9Lt7SiJUoEX0l4Dzc7P5llKyhqSi1ycSf1Hg==",
      "dev": true
    }
  }
}
